
Microsoft Visual Studio Solution File, Format Version 12.00
# Visual Studio Version 17
VisualStudioVersion = 17.0.31903.59
MinimumVisualStudioVersion = 10.0.40219.1
Project("{2150E333-8FDC-42A3-9474-1A3956D46DE8}") = "SolutionGenerator", "SolutionGenerator", "{A007F3A9-0C96-4741-B9F0-22DF6873FC88}"
EndProject
Project("{FAE04EC0-301F-11D3-BF4B-00C04F79EFBC}") = "Wizards.SolutionGenerator.Executable", "Wizards.SolutionGenerator.Executable\Wizards.SolutionGenerator.Executable.csproj", "{D552DFCC-222D-494A-B684-8679D15A4C29}"
EndProject
Project("{FAE04EC0-301F-11D3-BF4B-00C04F79EFBC}") = "Wizards.SolutionGenerator.UseCases.Abstractions", "Wizards.SolutionGenerator.UseCases.Abstractions\Wizards.SolutionGenerator.UseCases.Abstractions.csproj", "{C5590320-A7F3-4C7E-B0C8-413066D092DB}"
EndProject
Project("{2150E333-8FDC-42A3-9474-1A3956D46DE8}") = "UseCases", "UseCases", "{1C602A43-423E-42AA-A34D-1FD9FF2D493C}"
EndProject
Project("{FAE04EC0-301F-11D3-BF4B-00C04F79EFBC}") = "Wizards.UseCases.Abstractions", "Wizards.UseCases.Abstractions\Wizards.UseCases.Abstractions.csproj", "{A569248A-C134-46A9-A26A-3FE34484859B}"
EndProject
Project("{2150E333-8FDC-42A3-9474-1A3956D46DE8}") = "Miscellaneous", "Miscellaneous", "{F8AF2F55-2AA0-41E2-9D51-1FB0E35DF22E}"
EndProject
Project("{FAE04EC0-301F-11D3-BF4B-00C04F79EFBC}") = "Wizards.Commands", "Wizards.Commands\Wizards.Commands.csproj", "{676C8BBA-A913-4EE0-9BBD-779582685FA0}"
EndProject
Project("{FAE04EC0-301F-11D3-BF4B-00C04F79EFBC}") = "Wizards.Commands.Abstractions", "Wizards.Commands.Abstractions\Wizards.Commands.Abstractions.csproj", "{94797E27-B341-42E4-9245-5E50B4ABD226}"
EndProject
Project("{FAE04EC0-301F-11D3-BF4B-00C04F79EFBC}") = "Wizards.SolutionGenerator.UseCases", "Wizards.SolutionGenerator.UseCases\Wizards.SolutionGenerator.UseCases.csproj", "{C8247FC1-2AA2-4293-B749-5712AF6C6BA3}"
EndProject
Project("{FAE04EC0-301F-11D3-BF4B-00C04F79EFBC}") = "Wizards.UseCases", "Wizards.UseCases\Wizards.UseCases.csproj", "{F6D0CC93-1C5A-45F7-ACA1-32D7BDE55A9B}"
EndProject
Global
	GlobalSection(SolutionConfigurationPlatforms) = preSolution
		Debug|Any CPU = Debug|Any CPU
		Release|Any CPU = Release|Any CPU
	EndGlobalSection
	GlobalSection(SolutionProperties) = preSolution
		HideSolutionNode = FALSE
	EndGlobalSection
	GlobalSection(ProjectConfigurationPlatforms) = postSolution
		{D552DFCC-222D-494A-B684-8679D15A4C29}.Debug|Any CPU.ActiveCfg = Debug|Any CPU
		{D552DFCC-222D-494A-B684-8679D15A4C29}.Debug|Any CPU.Build.0 = Debug|Any CPU
		{D552DFCC-222D-494A-B684-8679D15A4C29}.Release|Any CPU.ActiveCfg = Release|Any CPU
		{D552DFCC-222D-494A-B684-8679D15A4C29}.Release|Any CPU.Build.0 = Release|Any CPU
		{C5590320-A7F3-4C7E-B0C8-413066D092DB}.Debug|Any CPU.ActiveCfg = Debug|Any CPU
		{C5590320-A7F3-4C7E-B0C8-413066D092DB}.Debug|Any CPU.Build.0 = Debug|Any CPU
		{C5590320-A7F3-4C7E-B0C8-413066D092DB}.Release|Any CPU.ActiveCfg = Release|Any CPU
		{C5590320-A7F3-4C7E-B0C8-413066D092DB}.Release|Any CPU.Build.0 = Release|Any CPU
		{A569248A-C134-46A9-A26A-3FE34484859B}.Debug|Any CPU.ActiveCfg = Debug|Any CPU
		{A569248A-C134-46A9-A26A-3FE34484859B}.Debug|Any CPU.Build.0 = Debug|Any CPU
		{A569248A-C134-46A9-A26A-3FE34484859B}.Release|Any CPU.ActiveCfg = Release|Any CPU
		{A569248A-C134-46A9-A26A-3FE34484859B}.Release|Any CPU.Build.0 = Release|Any CPU
		{676C8BBA-A913-4EE0-9BBD-779582685FA0}.Debug|Any CPU.ActiveCfg = Debug|Any CPU
		{676C8BBA-A913-4EE0-9BBD-779582685FA0}.Debug|Any CPU.Build.0 = Debug|Any CPU
		{676C8BBA-A913-4EE0-9BBD-779582685FA0}.Release|Any CPU.ActiveCfg = Release|Any CPU
		{676C8BBA-A913-4EE0-9BBD-779582685FA0}.Release|Any CPU.Build.0 = Release|Any CPU
		{94797E27-B341-42E4-9245-5E50B4ABD226}.Debug|Any CPU.ActiveCfg = Debug|Any CPU
		{94797E27-B341-42E4-9245-5E50B4ABD226}.Debug|Any CPU.Build.0 = Debug|Any CPU
		{94797E27-B341-42E4-9245-5E50B4ABD226}.Release|Any CPU.ActiveCfg = Release|Any CPU
		{94797E27-B341-42E4-9245-5E50B4ABD226}.Release|Any CPU.Build.0 = Release|Any CPU
		{C8247FC1-2AA2-4293-B749-5712AF6C6BA3}.Debug|Any CPU.ActiveCfg = Debug|Any CPU
		{C8247FC1-2AA2-4293-B749-5712AF6C6BA3}.Debug|Any CPU.Build.0 = Debug|Any CPU
		{C8247FC1-2AA2-4293-B749-5712AF6C6BA3}.Release|Any CPU.ActiveCfg = Release|Any CPU
		{C8247FC1-2AA2-4293-B749-5712AF6C6BA3}.Release|Any CPU.Build.0 = Release|Any CPU
		{F6D0CC93-1C5A-45F7-ACA1-32D7BDE55A9B}.Debug|Any CPU.ActiveCfg = Debug|Any CPU
		{F6D0CC93-1C5A-45F7-ACA1-32D7BDE55A9B}.Debug|Any CPU.Build.0 = Debug|Any CPU
		{F6D0CC93-1C5A-45F7-ACA1-32D7BDE55A9B}.Release|Any CPU.ActiveCfg = Release|Any CPU
		{F6D0CC93-1C5A-45F7-ACA1-32D7BDE55A9B}.Release|Any CPU.Build.0 = Release|Any CPU
	EndGlobalSection
	GlobalSection(NestedProjects) = preSolution
		{D552DFCC-222D-494A-B684-8679D15A4C29} = {A007F3A9-0C96-4741-B9F0-22DF6873FC88}
		{C5590320-A7F3-4C7E-B0C8-413066D092DB} = {A007F3A9-0C96-4741-B9F0-22DF6873FC88}
		{A569248A-C134-46A9-A26A-3FE34484859B} = {1C602A43-423E-42AA-A34D-1FD9FF2D493C}
		{676C8BBA-A913-4EE0-9BBD-779582685FA0} = {F8AF2F55-2AA0-41E2-9D51-1FB0E35DF22E}
		{94797E27-B341-42E4-9245-5E50B4ABD226} = {F8AF2F55-2AA0-41E2-9D51-1FB0E35DF22E}
		{C8247FC1-2AA2-4293-B749-5712AF6C6BA3} = {A007F3A9-0C96-4741-B9F0-22DF6873FC88}
		{F6D0CC93-1C5A-45F7-ACA1-32D7BDE55A9B} = {1C602A43-423E-42AA-A34D-1FD9FF2D493C}
	EndGlobalSection
EndGlobal
